baton_version: 1.0.0-alpha.11
locked_at: 2026-03-13T18:25:16.521Z
packages:
  base:
    source: github:baton-dx/baton-dx-source/profiles/base
    resolved: github:baton-dx/baton-dx-source/profiles/base
    version: 1.0.0
    sha: unknown
    integrity:
      memory/CLAUDE.md:
        hash: e980baf3889119c8c3067a1ec786472e905d0b6a9ea92860c200669c1d40f3dc
        type: memory
      memory/AGENTS.md:
        hash: e980baf3889119c8c3067a1ec786472e905d0b6a9ea92860c200669c1d40f3dc
        type: memory
      memory/GEMINI.md:
        hash: e980baf3889119c8c3067a1ec786472e905d0b6a9ea92860c200669c1d40f3dc
        type: memory
      memory/copilot-instructions.md:
        hash: a04ca59140a385c8b5ea3102e3b150083fde0679aa7397270e094a338e748d16
        type: memory
      rules/baton-terminology:
        hash: f85930bbe051e8019d7bb2f7841f97ac8217479919d4ca68d934bcdec958e82f
        type: rules
      rules/yaml-conventions:
        hash: ebeb114e5258502d2b9229ce08e0b2af1442e3b28201353c9b440e21fd831b89
        type: rules
  creator:
    source: github:baton-dx/baton-dx-source/profiles/creator
    resolved: github:baton-dx/baton-dx-source/profiles/creator
    version: 1.0.0
    sha: deadfba8dbc8c447722f09aa96328702b45a47f1
    integrity:
      skills/configure-tools:
        hash: b2679658898e3083707e85a4832fa85a003714c59f7ecef7c284bd51f66c0d09
        type: skills
      skills/create-profile:
        hash: d353551b9d04759e85374aecde308c4286663004a8df08e0542b3f48462eca20
        type: skills
      skills/create-source:
        hash: 70e64c5584db48ede3605f05c7d0b4433515bb55b235319be331d84e96f46bdc
        type: skills
      skills/migrate-config:
        hash: b34e9fde07c374b54dbd9c796a8b050d19a9e6f85a30ffef3a926f01895e8a91
        type: skills
      skills/scaffold-profile:
        hash: 5ee8aa2e2441be86074f4cc0760b9eac838276bef2ac6a54988a48c039d01ad7
        type: skills
      skills/validate:
        hash: c7e79f9d9171777e15c04cb37bb2c368c370f9304ff2f24a2fb6f5ab8113ff7c
        type: skills
      memory/CLAUDE.md:
        hash: e980baf3889119c8c3067a1ec786472e905d0b6a9ea92860c200669c1d40f3dc
        type: memory
      memory/AGENTS.md:
        hash: e980baf3889119c8c3067a1ec786472e905d0b6a9ea92860c200669c1d40f3dc
        type: memory
      memory/GEMINI.md:
        hash: e980baf3889119c8c3067a1ec786472e905d0b6a9ea92860c200669c1d40f3dc
        type: memory
      memory/copilot-instructions.md:
        hash: a04ca59140a385c8b5ea3102e3b150083fde0679aa7397270e094a338e748d16
        type: memory
      rules/profile-conventions:
        hash: 6cc17af4682c3d9f5798b8a553c936298303a0f978c6b6b7781410ed2476c607
        type: rules
      rules/source-conventions:
        hash: 3d1b51c97fc14ecdcb78c8d357a151ba8cc57ea67b4c06b139c4eef3b98e3f0b
        type: rules
      agents/profile-builder:
        hash: ff5aaacf989744dc268e3d27d2cc64dad1fbe0ee14b403a46f41f21a414b8b64
        type: agents
      agents/source-manager:
        hash: 248ecfdfc4a814722f0b346f3f9f9ed8553ab66667f90387aa6be5e654537c5f
        type: agents
