baton_version: 0.14.1
locked_at: 2026-02-27T13:46:51.077Z
packages:
  base:
    source: github:baton-dx/baton-dx-source/profiles/base
    resolved: github:baton-dx/baton-dx-source/profiles/base
    version: 0.1.0
    sha: unknown
    integrity:
      memory/CLAUDE.md:
        hash: 6bb209b1d39334c360e5f5b36fc37448c4409cb7e409e44048d3eb67c032301d
        type: memory
      memory/AGENTS.md:
        hash: 17623b11ac2e11b30cba2abc5e3a37897d93cedc4303b06fb369d6c2bec9df29
        type: memory
      memory/GEMINI.md:
        hash: 6bb209b1d39334c360e5f5b36fc37448c4409cb7e409e44048d3eb67c032301d
        type: memory
  creator:
    source: github:baton-dx/baton-dx-source/profiles/creator
    resolved: github:baton-dx/baton-dx-source/profiles/creator
    version: 0.1.0
    sha: 1d15f2782657701b2e3e58840eae84addca3a873
    integrity:
      skills/create-source:
        hash: 63946d9d35c650eee0885dc7399c9d2b4241a589b9bb76a15b32a2e834c3fb68
        type: skills
      skills/create-profile:
        hash: 7db295433b691002674bc23a08e2d1988d222284508cc00eb9a3f47808aa41f9
        type: skills
      skills/configure-tools:
        hash: 8e5dbf355ee99a6a8b0df19516ff9f7a067f1b5eb23c9daa837d312582ea2ca5
        type: skills
      skills/migrate-config:
        hash: 36ee100a3810ecf02f889a44d90b932e2a2f55b0c3db3ed21f4b6c3d36620f64
        type: skills
      skills/scaffold-profile:
        hash: 53ea7c7030b957b514ca03fdb177b6f93e1a7e1b691d44861e930504174ad06b
        type: skills
      skills/validate:
        hash: 133c8eb86cf813474ade739d5d133087e2026f56aaf366284dd1a25d98d44690
        type: skills
      memory/CLAUDE.md:
        hash: 6bb209b1d39334c360e5f5b36fc37448c4409cb7e409e44048d3eb67c032301d
        type: memory
      memory/AGENTS.md:
        hash: 17623b11ac2e11b30cba2abc5e3a37897d93cedc4303b06fb369d6c2bec9df29
        type: memory
      memory/GEMINI.md:
        hash: 6bb209b1d39334c360e5f5b36fc37448c4409cb7e409e44048d3eb67c032301d
        type: memory
